
Microsoft Visual Studio Solution File, Format Version 12.00
# Visual Studio Version 17
VisualStudioVersion = 17.9.34622.214
MinimumVisualStudioVersion = 10.0.40219.1
Project("{FAE04EC0-301F-11D3-BF4B-00C04F79EFBC}") = "FurnitureSelling", "FurnitureSelling\FurnitureSelling.csproj", "{567C8082-3092-48E8-B67F-CED446F8ADA8}"
EndProject
Project("{FAE04EC0-301F-11D3-BF4B-00C04F79EFBC}") = "FurnitureSellingCore", "FurnitureSellingCore\FurnitureSellingCore.csproj", "{285DFC8B-163D-4BE7-9C76-924D7E2FF0D4}"
EndProject
Project("{FAE04EC0-301F-11D3-BF4B-00C04F79EFBC}") = "FurnitureSellingInfra", "FurnitureSellingInfra\FurnitureSellingInfra.csproj", "{1E5D0364-5343-4A50-AE73-8BBCD8694528}"
EndProject
Global
	GlobalSection(SolutionConfigurationPlatforms) = preSolution
		Debug|Any CPU = Debug|Any CPU
		Release|Any CPU = Release|Any CPU
	EndGlobalSection
	GlobalSection(ProjectConfigurationPlatforms) = postSolution
		{567C8082-3092-48E8-B67F-CED446F8ADA8}.Debug|Any CPU.ActiveCfg = Debug|Any CPU
		{567C8082-3092-48E8-B67F-CED446F8ADA8}.Debug|Any CPU.Build.0 = Debug|Any CPU
		{567C8082-3092-48E8-B67F-CED446F8ADA8}.Release|Any CPU.ActiveCfg = Release|Any CPU
		{567C8082-3092-48E8-B67F-CED446F8ADA8}.Release|Any CPU.Build.0 = Release|Any CPU
		{285DFC8B-163D-4BE7-9C76-924D7E2FF0D4}.Debug|Any CPU.ActiveCfg = Debug|Any CPU
		{285DFC8B-163D-4BE7-9C76-924D7E2FF0D4}.Debug|Any CPU.Build.0 = Debug|Any CPU
		{285DFC8B-163D-4BE7-9C76-924D7E2FF0D4}.Release|Any CPU.ActiveCfg = Release|Any CPU
		{285DFC8B-163D-4BE7-9C76-924D7E2FF0D4}.Release|Any CPU.Build.0 = Release|Any CPU
		{1E5D0364-5343-4A50-AE73-8BBCD8694528}.Debug|Any CPU.ActiveCfg = Debug|Any CPU
		{1E5D0364-5343-4A50-AE73-8BBCD8694528}.Debug|Any CPU.Build.0 = Debug|Any CPU
		{1E5D0364-5343-4A50-AE73-8BBCD8694528}.Release|Any CPU.ActiveCfg = Release|Any CPU
		{1E5D0364-5343-4A50-AE73-8BBCD8694528}.Release|Any CPU.Build.0 = Release|Any CPU
	EndGlobalSection
	GlobalSection(SolutionProperties) = preSolution
		HideSolutionNode = FALSE
	EndGlobalSection
	GlobalSection(ExtensibilityGlobals) = postSolution
		SolutionGuid = {A27EC708-0B48-4356-BB3C-4E21BAE1D033}
	EndGlobalSection
EndGlobal
